
Microsoft Visual Studio Solution File, Format Version 12.00
Project("{2150E333-8FDC-42A3-9474-1A3956D46DE8}") = "Core", "Core", "{3034B398-791B-46CD-ACA3-B26C2409A7F1}"
EndProject
Project("{2150E333-8FDC-42A3-9474-1A3956D46DE8}") = "Analysis", "Analysis", "{95A2D288-8D2D-4B5F-869D-CBC9586AF5A4}"
EndProject
Project("{2150E333-8FDC-42A3-9474-1A3956D46DE8}") = "Examples", "Examples", "{0CA0515B-9F9F-4BAA-9332-D862A3D32673}"
EndProject
Project("{FAE04EC0-301F-11D3-BF4B-00C04F79EFBC}") = "LocalExecution", "Examples\LocalExecution\LocalExecution.csproj", "{8F500A52-5387-4B8E-B6A1-29A58585D590}"
EndProject
Project("{2150E333-8FDC-42A3-9474-1A3956D46DE8}") = "Daemon", "Daemon", "{6D480631-C876-4AA5-AB7B-982FA4C00652}"
EndProject
Project("{FAE04EC0-301F-11D3-BF4B-00C04F79EFBC}") = "WopWop.Analysis", "Packages\Analysis\WopWop.Analysis\WopWop.Analysis.csproj", "{5CCAF26F-A1A3-4096-9672-56313AAD5AFB}"
EndProject
Project("{FAE04EC0-301F-11D3-BF4B-00C04F79EFBC}") = "WopWop.Analysis.Tests", "Packages\Analysis\WopWop.Analysis.Tests\WopWop.Analysis.Tests.csproj", "{FB5A9A19-82ED-48EB-9927-8CBC8165FD6F}"
EndProject
Project("{FAE04EC0-301F-11D3-BF4B-00C04F79EFBC}") = "WopWop.Analysis.Structure", "Packages\Analysis\WopWop.Analysis.Structure\WopWop.Analysis.Structure.csproj", "{37403192-7345-4E8C-A6B8-FFE522B7B3D6}"
EndProject
Project("{FAE04EC0-301F-11D3-BF4B-00C04F79EFBC}") = "WopWop.Core", "Packages\Core\WopWop.Core\WopWop.Core.csproj", "{D4EA2E2D-4261-4CAB-B566-AA0FF6FD84CA}"
EndProject
Project("{FAE04EC0-301F-11D3-BF4B-00C04F79EFBC}") = "SequenceDiagram", "Examples\SequenceDiagram\SequenceDiagram.csproj", "{0749097F-D31B-4758-838E-445EF4550827}"
EndProject
Project("{2150E333-8FDC-42A3-9474-1A3956D46DE8}") = "Sprouter", "Sprouter", "{E4ED7306-7119-4470-9F34-5D2F30B6BC3B}"
EndProject
Project("{FAE04EC0-301F-11D3-BF4B-00C04F79EFBC}") = "Sprouter.Entities", "Packages\Sprout\Sprouter.Entities\Sprouter.Entities.csproj", "{42E3C02F-83D9-4A93-99E7-5CAC20827C8F}"
EndProject
Project("{FAE04EC0-301F-11D3-BF4B-00C04F79EFBC}") = "Sprouter", "Packages\Sprout\Sprouter\Sprouter.csproj", "{72A19E3F-EADC-4830-B9C5-AA3BC58C30F9}"
EndProject
Project("{FAE04EC0-301F-11D3-BF4B-00C04F79EFBC}") = "Sprouter.Tests", "Packages\Sprouter\Sprouter.Tests\Sprouter.Tests.csproj", "{892063AA-E502-40FB-BAC3-2693ABFE31ED}"
EndProject
Project("{FAE04EC0-301F-11D3-BF4B-00C04F79EFBC}") = "WopWop.Agent", "Daemon\WopWop.Agent\WopWop.Agent.csproj", "{D7D79F45-0D20-4672-88D0-4347F4267FC9}"
EndProject
Project("{FAE04EC0-301F-11D3-BF4B-00C04F79EFBC}") = "WopWop.Agent.Tests", "Daemon\WopWop.Agent.Tests\WopWop.Agent.Tests.csproj", "{E3DC81A3-D940-4F3F-B9FE-3CFEC3FF4D26}"
EndProject
Global
	GlobalSection(SolutionConfigurationPlatforms) = preSolution
		Debug|Any CPU = Debug|Any CPU
		Release|Any CPU = Release|Any CPU
	EndGlobalSection
	GlobalSection(NestedProjects) = preSolution
		{8F500A52-5387-4B8E-B6A1-29A58585D590} = {0CA0515B-9F9F-4BAA-9332-D862A3D32673}
		{5CCAF26F-A1A3-4096-9672-56313AAD5AFB} = {95A2D288-8D2D-4B5F-869D-CBC9586AF5A4}
		{FB5A9A19-82ED-48EB-9927-8CBC8165FD6F} = {95A2D288-8D2D-4B5F-869D-CBC9586AF5A4}
		{37403192-7345-4E8C-A6B8-FFE522B7B3D6} = {95A2D288-8D2D-4B5F-869D-CBC9586AF5A4}
		{D4EA2E2D-4261-4CAB-B566-AA0FF6FD84CA} = {3034B398-791B-46CD-ACA3-B26C2409A7F1}
		{0749097F-D31B-4758-838E-445EF4550827} = {0CA0515B-9F9F-4BAA-9332-D862A3D32673}
		{42E3C02F-83D9-4A93-99E7-5CAC20827C8F} = {E4ED7306-7119-4470-9F34-5D2F30B6BC3B}
		{72A19E3F-EADC-4830-B9C5-AA3BC58C30F9} = {E4ED7306-7119-4470-9F34-5D2F30B6BC3B}
		{892063AA-E502-40FB-BAC3-2693ABFE31ED} = {E4ED7306-7119-4470-9F34-5D2F30B6BC3B}
		{D7D79F45-0D20-4672-88D0-4347F4267FC9} = {6D480631-C876-4AA5-AB7B-982FA4C00652}
		{E3DC81A3-D940-4F3F-B9FE-3CFEC3FF4D26} = {6D480631-C876-4AA5-AB7B-982FA4C00652}
	EndGlobalSection
	GlobalSection(ProjectConfigurationPlatforms) = postSolution
		{8F500A52-5387-4B8E-B6A1-29A58585D590}.Debug|Any CPU.ActiveCfg = Debug|Any CPU
		{8F500A52-5387-4B8E-B6A1-29A58585D590}.Debug|Any CPU.Build.0 = Debug|Any CPU
		{8F500A52-5387-4B8E-B6A1-29A58585D590}.Release|Any CPU.ActiveCfg = Release|Any CPU
		{8F500A52-5387-4B8E-B6A1-29A58585D590}.Release|Any CPU.Build.0 = Release|Any CPU
		{5CCAF26F-A1A3-4096-9672-56313AAD5AFB}.Debug|Any CPU.ActiveCfg = Debug|Any CPU
		{5CCAF26F-A1A3-4096-9672-56313AAD5AFB}.Debug|Any CPU.Build.0 = Debug|Any CPU
		{5CCAF26F-A1A3-4096-9672-56313AAD5AFB}.Release|Any CPU.ActiveCfg = Release|Any CPU
		{5CCAF26F-A1A3-4096-9672-56313AAD5AFB}.Release|Any CPU.Build.0 = Release|Any CPU
		{FB5A9A19-82ED-48EB-9927-8CBC8165FD6F}.Debug|Any CPU.ActiveCfg = Debug|Any CPU
		{FB5A9A19-82ED-48EB-9927-8CBC8165FD6F}.Debug|Any CPU.Build.0 = Debug|Any CPU
		{FB5A9A19-82ED-48EB-9927-8CBC8165FD6F}.Release|Any CPU.ActiveCfg = Release|Any CPU
		{FB5A9A19-82ED-48EB-9927-8CBC8165FD6F}.Release|Any CPU.Build.0 = Release|Any CPU
		{37403192-7345-4E8C-A6B8-FFE522B7B3D6}.Debug|Any CPU.ActiveCfg = Debug|Any CPU
		{37403192-7345-4E8C-A6B8-FFE522B7B3D6}.Debug|Any CPU.Build.0 = Debug|Any CPU
		{37403192-7345-4E8C-A6B8-FFE522B7B3D6}.Release|Any CPU.ActiveCfg = Release|Any CPU
		{37403192-7345-4E8C-A6B8-FFE522B7B3D6}.Release|Any CPU.Build.0 = Release|Any CPU
		{D4EA2E2D-4261-4CAB-B566-AA0FF6FD84CA}.Debug|Any CPU.ActiveCfg = Debug|Any CPU
		{D4EA2E2D-4261-4CAB-B566-AA0FF6FD84CA}.Debug|Any CPU.Build.0 = Debug|Any CPU
		{D4EA2E2D-4261-4CAB-B566-AA0FF6FD84CA}.Release|Any CPU.ActiveCfg = Release|Any CPU
		{D4EA2E2D-4261-4CAB-B566-AA0FF6FD84CA}.Release|Any CPU.Build.0 = Release|Any CPU
		{0749097F-D31B-4758-838E-445EF4550827}.Debug|Any CPU.ActiveCfg = Debug|Any CPU
		{0749097F-D31B-4758-838E-445EF4550827}.Debug|Any CPU.Build.0 = Debug|Any CPU
		{0749097F-D31B-4758-838E-445EF4550827}.Release|Any CPU.ActiveCfg = Release|Any CPU
		{0749097F-D31B-4758-838E-445EF4550827}.Release|Any CPU.Build.0 = Release|Any CPU
		{42E3C02F-83D9-4A93-99E7-5CAC20827C8F}.Debug|Any CPU.ActiveCfg = Debug|Any CPU
		{42E3C02F-83D9-4A93-99E7-5CAC20827C8F}.Debug|Any CPU.Build.0 = Debug|Any CPU
		{42E3C02F-83D9-4A93-99E7-5CAC20827C8F}.Release|Any CPU.ActiveCfg = Release|Any CPU
		{42E3C02F-83D9-4A93-99E7-5CAC20827C8F}.Release|Any CPU.Build.0 = Release|Any CPU
		{72A19E3F-EADC-4830-B9C5-AA3BC58C30F9}.Debug|Any CPU.ActiveCfg = Debug|Any CPU
		{72A19E3F-EADC-4830-B9C5-AA3BC58C30F9}.Debug|Any CPU.Build.0 = Debug|Any CPU
		{72A19E3F-EADC-4830-B9C5-AA3BC58C30F9}.Release|Any CPU.ActiveCfg = Release|Any CPU
		{72A19E3F-EADC-4830-B9C5-AA3BC58C30F9}.Release|Any CPU.Build.0 = Release|Any CPU
		{892063AA-E502-40FB-BAC3-2693ABFE31ED}.Debug|Any CPU.ActiveCfg = Debug|Any CPU
		{892063AA-E502-40FB-BAC3-2693ABFE31ED}.Debug|Any CPU.Build.0 = Debug|Any CPU
		{892063AA-E502-40FB-BAC3-2693ABFE31ED}.Release|Any CPU.ActiveCfg = Release|Any CPU
		{892063AA-E502-40FB-BAC3-2693ABFE31ED}.Release|Any CPU.Build.0 = Release|Any CPU
		{D7D79F45-0D20-4672-88D0-4347F4267FC9}.Debug|Any CPU.ActiveCfg = Debug|Any CPU
		{D7D79F45-0D20-4672-88D0-4347F4267FC9}.Debug|Any CPU.Build.0 = Debug|Any CPU
		{D7D79F45-0D20-4672-88D0-4347F4267FC9}.Release|Any CPU.ActiveCfg = Release|Any CPU
		{D7D79F45-0D20-4672-88D0-4347F4267FC9}.Release|Any CPU.Build.0 = Release|Any CPU
		{E3DC81A3-D940-4F3F-B9FE-3CFEC3FF4D26}.Debug|Any CPU.ActiveCfg = Debug|Any CPU
		{E3DC81A3-D940-4F3F-B9FE-3CFEC3FF4D26}.Debug|Any CPU.Build.0 = Debug|Any CPU
		{E3DC81A3-D940-4F3F-B9FE-3CFEC3FF4D26}.Release|Any CPU.ActiveCfg = Release|Any CPU
		{E3DC81A3-D940-4F3F-B9FE-3CFEC3FF4D26}.Release|Any CPU.Build.0 = Release|Any CPU
	EndGlobalSection
EndGlobal
